// !$*UTF8*$!
{
	archiveVersion = 1;
	classes = {
	};
	objectVersion = 46;
	objects = {

/* Begin PBXBuildFile section */
		C2E99E341A5951ED00C4C0B0 /* main.cpp in Sources */ = {isa = PBXBuildFile; fileRef = C2E99E331A5951ED00C4C0B0 /* main.cpp */; };
		C2E99E3C1A59520B00C4C0B0 /* datetime.cpp in Sources */ = {isa = PBXBuildFile; fileRef = C2E99E3A1A59520B00C4C0B0 /* datetime.cpp */; };
		C2E99E411A59558800C4C0B0 /* options_file.cpp in Sources */ = {isa = PBXBuildFile; fileRef = C2E99E3D1A59558800C4C0B0 /* options_file.cpp */; };
		C2E99E421A59558800C4C0B0 /* str.cpp in Sources */ = {isa = PBXBuildFile; fileRef = C2E99E3F1A59558800C4C0B0 /* str.cpp */; };
		C2E99E451A595BF400C4C0B0 /* mail_message.cpp in Sources */ = {isa = PBXBuildFile; fileRef = C2E99E431A595BF400C4C0B0 /* mail_message.cpp */; };
		C2E99E4B1A5983F700C4C0B0 /* pop3_adaptor.cpp in Sources */ = {isa = PBXBuildFile; fileRef = C2E99E4A1A5983F700C4C0B0 /* pop3_adaptor.cpp */; };
		C2E99E4E1A59897000C4C0B0 /* container.cpp in Sources */ = {isa = PBXBuildFile; fileRef = C2E99E4C1A59897000C4C0B0 /* container.cpp */; };
		C2E99E511A59ADF800C4C0B0 /* mail_inteface.cpp in Sources */ = {isa = PBXBuildFile; fileRef = C2E99E4F1A59ADF800C4C0B0 /* mail_inteface.cpp */; };
/* End PBXBuildFile section */

/* Begin PBXCopyFilesBuildPhase section */
		C2E99E2E1A5951ED00C4C0B0 /* CopyFiles */ = {
			isa = PBXCopyFilesBuildPhase;
			buildActionMask = 2147483647;
			dstPath = /usr/share/man/man1/;
			dstSubfolderSpec = 0;
			files = (
			);
			runOnlyForDeploymentPostprocessing = 1;
		};
/* End PBXCopyFilesBuildPhase section */

/* Begin PBXFileReference section */
		C2E99E301A5951ED00C4C0B0 /* mail_protocol */ = {isa = PBXFileReference; explicitFileType = "compiled.mach-o.executable"; includeInIndex = 0; path = mail_protocol; sourceTree = BUILT_PRODUCTS_DIR; };
		C2E99E331A5951ED00C4C0B0 /* main.cpp */ = {isa = PBXFileReference; lastKnownFileType = sourcecode.cpp.cpp; path = main.cpp; sourceTree = "<group>"; };
		C2E99E3A1A59520B00C4C0B0 /* datetime.cpp */ = {isa = PBXFileReference; fileEncoding = 4; lastKnownFileType = sourcecode.cpp.cpp; path = datetime.cpp; sourceTree = "<group>"; };
		C2E99E3B1A59520B00C4C0B0 /* datetime.h */ = {isa = PBXFileReference; fileEncoding = 4; lastKnownFileType = sourcecode.c.h; path = datetime.h; sourceTree = "<group>"; };
		C2E99E3D1A59558800C4C0B0 /* options_file.cpp */ = {isa = PBXFileReference; fileEncoding = 4; lastKnownFileType = sourcecode.cpp.cpp; path = options_file.cpp; sourceTree = "<group>"; };
		C2E99E3E1A59558800C4C0B0 /* options_file.h */ = {isa = PBXFileReference; fileEncoding = 4; lastKnownFileType = sourcecode.c.h; path = options_file.h; sourceTree = "<group>"; };
		C2E99E3F1A59558800C4C0B0 /* str.cpp */ = {isa = PBXFileReference; fileEncoding = 4; lastKnownFileType = sourcecode.cpp.cpp; path = str.cpp; sourceTree = "<group>"; };
		C2E99E401A59558800C4C0B0 /* str.h */ = {isa = PBXFileReference; fileEncoding = 4; lastKnownFileType = sourcecode.c.h; path = str.h; sourceTree = "<group>"; };
		C2E99E431A595BF400C4C0B0 /* mail_message.cpp */ = {isa = PBXFileReference; fileEncoding = 4; lastKnownFileType = sourcecode.cpp.cpp; path = mail_message.cpp; sourceTree = "<group>"; };
		C2E99E441A595BF400C4C0B0 /* mail_message.h */ = {isa = PBXFileReference; fileEncoding = 4; lastKnownFileType = sourcecode.c.h; path = mail_message.h; sourceTree = "<group>"; };
		C2E99E491A5983D400C4C0B0 /* pop3_adaptor.h */ = {isa = PBXFileReference; fileEncoding = 4; lastKnownFileType = sourcecode.c.h; path = pop3_adaptor.h; sourceTree = "<group>"; };
		C2E99E4A1A5983F700C4C0B0 /* pop3_adaptor.cpp */ = {isa = PBXFileReference; fileEncoding = 4; lastKnownFileType = sourcecode.cpp.cpp; path = pop3_adaptor.cpp; sourceTree = "<group>"; };
		C2E99E4C1A59897000C4C0B0 /* container.cpp */ = {isa = PBXFileReference; fileEncoding = 4; lastKnownFileType = sourcecode.cpp.cpp; path = container.cpp; sourceTree = "<group>"; };
		C2E99E4D1A59897000C4C0B0 /* container.h */ = {isa = PBXFileReference; fileEncoding = 4; lastKnownFileType = sourcecode.c.h; path = container.h; sourceTree = "<group>"; };
		C2E99E4F1A59ADF800C4C0B0 /* mail_inteface.cpp */ = {isa = PBXFileReference; fileEncoding = 4; lastKnownFileType = sourcecode.cpp.cpp; path = mail_inteface.cpp; sourceTree = "<group>"; };
		C2E99E501A59ADF800C4C0B0 /* mail_inteface.h */ = {isa = PBXFileReference; fileEncoding = 4; lastKnownFileType = sourcecode.c.h; path = mail_inteface.h; sourceTree = "<group>"; };
/* End PBXFileReference section */

/* Begin PBXFrameworksBuildPhase section */
		C2E99E2D1A5951ED00C4C0B0 /* Frameworks */ = {
			isa = PBXFrameworksBuildPhase;
			buildActionMask = 2147483647;
			files = (
			);
			runOnlyForDeploymentPostprocessing = 0;
		};
/* End PBXFrameworksBuildPhase section */

/* Begin PBXGroup section */
		C2E99E271A5951ED00C4C0B0 = {
			isa = PBXGroup;
			children = (
				C2E99E321A5951ED00C4C0B0 /* mail_protocol */,
				C2E99E311A5951ED00C4C0B0 /* Products */,
			);
			sourceTree = "<group>";
		};
		C2E99E311A5951ED00C4C0B0 /* Products */ = {
			isa = PBXGroup;
			children = (
				C2E99E301A5951ED00C4C0B0 /* mail_protocol */,
			);
			name = Products;
			sourceTree = "<group>";
		};
		C2E99E321A5951ED00C4C0B0 /* mail_protocol */ = {
			isa = PBXGroup;
			children = (
				C2E99E491A5983D400C4C0B0 /* pop3_adaptor.h */,
				C2E99E4A1A5983F700C4C0B0 /* pop3_adaptor.cpp */,
				C2E99E3D1A59558800C4C0B0 /* options_file.cpp */,
				C2E99E3E1A59558800C4C0B0 /* options_file.h */,
				C2E99E3F1A59558800C4C0B0 /* str.cpp */,
				C2E99E401A59558800C4C0B0 /* str.h */,
				C2E99E331A5951ED00C4C0B0 /* main.cpp */,
				C2E99E3A1A59520B00C4C0B0 /* datetime.cpp */,
				C2E99E3B1A59520B00C4C0B0 /* datetime.h */,
				C2E99E431A595BF400C4C0B0 /* mail_message.cpp */,
				C2E99E441A595BF400C4C0B0 /* mail_message.h */,
				C2E99E4C1A59897000C4C0B0 /* container.cpp */,
				C2E99E4D1A59897000C4C0B0 /* container.h */,
				C2E99E4F1A59ADF800C4C0B0 /* mail_inteface.cpp */,
				C2E99E501A59ADF800C4C0B0 /* mail_inteface.h */,
			);
			path = mail_protocol;
			sourceTree = "<group>";
		};
/* End PBXGroup section */

/* Begin PBXNativeTarget section */
		C2E99E2F1A5951ED00C4C0B0 /* mail_protocol */ = {
			isa = PBXNativeTarget;
			buildConfigurationList = C2E99E371A5951ED00C4C0B0 /* Build configuration list for PBXNativeTarget "mail_protocol" */;
			buildPhases = (
				C2E99E2C1A5951ED00C4C0B0 /* Sources */,
				C2E99E2D1A5951ED00C4C0B0 /* Frameworks */,
				C2E99E2E1A5951ED00C4C0B0 /* CopyFiles */,
			);
			buildRules = (
			);
			dependencies = (
			);
			name = mail_protocol;
			productName = mail_protocol;
			productReference = C2E99E301A5951ED00C4C0B0 /* mail_protocol */;
			productType = "com.apple.product-type.tool";
		};
/* End PBXNativeTarget section */

/* Begin PBXProject section */
		C2E99E281A5951ED00C4C0B0 /* Project object */ = {
			isa = PBXProject;
			attributes = {
				LastUpgradeCheck = 0610;
				ORGANIZATIONNAME = "Gabriel Manricks";
				TargetAttributes = {
					C2E99E2F1A5951ED00C4C0B0 = {
						CreatedOnToolsVersion = 6.1.1;
					};
				};
			};
			buildConfigurationList = C2E99E2B1A5951ED00C4C0B0 /* Build configuration list for PBXProject "mail_protocol" */;
			compatibilityVersion = "Xcode 3.2";
			developmentRegion = English;
			hasScannedForEncodings = 0;
			knownRegions = (
				en,
			);
			mainGroup = C2E99E271A5951ED00C4C0B0;
			productRefGroup = C2E99E311A5951ED00C4C0B0 /* Products */;
			projectDirPath = "";
			projectRoot = "";
			targets = (
				C2E99E2F1A5951ED00C4C0B0 /* mail_protocol */,
			);
		};
/* End PBXProject section */

/* Begin PBXSourcesBuildPhase section */
		C2E99E2C1A5951ED00C4C0B0 /* Sources */ = {
			isa = PBXSourcesBuildPhase;
			buildActionMask = 2147483647;
			files = (
				C2E99E3C1A59520B00C4C0B0 /* datetime.cpp in Sources */,
				C2E99E4B1A5983F700C4C0B0 /* pop3_adaptor.cpp in Sources */,
				C2E99E421A59558800C4C0B0 /* str.cpp in Sources */,
				C2E99E511A59ADF800C4C0B0 /* mail_inteface.cpp in Sources */,
				C2E99E341A5951ED00C4C0B0 /* main.cpp in Sources */,
				C2E99E411A59558800C4C0B0 /* options_file.cpp in Sources */,
				C2E99E4E1A59897000C4C0B0 /* container.cpp in Sources */,
				C2E99E451A595BF400C4C0B0 /* mail_message.cpp in Sources */,
			);
			runOnlyForDeploymentPostprocessing = 0;
		};
/* End PBXSourcesBuildPhase section */

/* Begin XCBuildConfiguration section */
		C2E99E351A5951ED00C4C0B0 /* Debug */ = {
			isa = XCBuildConfiguration;
			buildSettings = {
				ALWAYS_SEARCH_USER_PATHS = NO;
				CLANG_CXX_LANGUAGE_STANDARD = "gnu++0x";
				CLANG_CXX_LIBRARY = "libc++";
				CLANG_ENABLE_MODULES = YES;
				CLANG_ENABLE_OBJC_ARC = YES;
				CLANG_WARN_BOOL_CONVERSION = YES;
				CLANG_WARN_CONSTANT_CONVERSION = YES;
				CLANG_WARN_DIRECT_OBJC_ISA_USAGE = YES_ERROR;
				CLANG_WARN_EMPTY_BODY = YES;
				CLANG_WARN_ENUM_CONVERSION = YES;
				CLANG_WARN_INT_CONVERSION = YES;
				CLANG_WARN_OBJC_ROOT_CLASS = YES_ERROR;
				CLANG_WARN_UNREACHABLE_CODE = YES;
				CLANG_WARN__DUPLICATE_METHOD_MATCH = YES;
				COPY_PHASE_STRIP = NO;
				ENABLE_STRICT_OBJC_MSGSEND = YES;
				GCC_C_LANGUAGE_STANDARD = gnu99;
				GCC_DYNAMIC_NO_PIC = NO;
				GCC_OPTIMIZATION_LEVEL = 0;
				GCC_PREPROCESSOR_DEFINITIONS = (
					"DEBUG=1",
					"$(inherited)",
				);
				GCC_SYMBOLS_PRIVATE_EXTERN = NO;
				GCC_WARN_64_TO_32_BIT_CONVERSION = YES;
				GCC_WARN_ABOUT_RETURN_TYPE = YES_ERROR;
				GCC_WARN_UNDECLARED_SELECTOR = YES;
				GCC_WARN_UNINITIALIZED_AUTOS = YES_AGGRESSIVE;
				GCC_WARN_UNUSED_FUNCTION = YES;
				GCC_WARN_UNUSED_VARIABLE = YES;
				MACOSX_DEPLOYMENT_TARGET = 10.10;
				MTL_ENABLE_DEBUG_INFO = YES;
				ONLY_ACTIVE_ARCH = YES;
				SDKROOT = macosx;
			};
			name = Debug;
		};
		C2E99E361A5951ED00C4C0B0 /* Release */ = {
			isa = XCBuildConfiguration;
			buildSettings = {
				ALWAYS_SEARCH_USER_PATHS = NO;
				CLANG_CXX_LANGUAGE_STANDARD = "gnu++0x";
				CLANG_CXX_LIBRARY = "libc++";
				CLANG_ENABLE_MODULES = YES;
				CLANG_ENABLE_OBJC_ARC = YES;
				CLANG_WARN_BOOL_CONVERSION = YES;
				CLANG_WARN_CONSTANT_CONVERSION = YES;
				CLANG_WARN_DIRECT_OBJC_ISA_USAGE = YES_ERROR;
				CLANG_WARN_EMPTY_BODY = YES;
				CLANG_WARN_ENUM_CONVERSION = YES;
				CLANG_WARN_INT_CONVERSION = YES;
				CLANG_WARN_OBJC_ROOT_CLASS = YES_ERROR;
				CLANG_WARN_UNREACHABLE_CODE = YES;
				CLANG_WARN__DUPLICATE_METHOD_MATCH = YES;
				COPY_PHASE_STRIP = YES;
				DEBUG_INFORMATION_FORMAT = "dwarf-with-dsym";
				ENABLE_NS_ASSERTIONS = NO;
				ENABLE_STRICT_OBJC_MSGSEND = YES;
				GCC_C_LANGUAGE_STANDARD = gnu99;
				GCC_WARN_64_TO_32_BIT_CONVERSION = YES;
				GCC_WARN_ABOUT_RETURN_TYPE = YES_ERROR;
				GCC_WARN_UNDECLARED_SELECTOR = YES;
				GCC_WARN_UNINITIALIZED_AUTOS = YES_AGGRESSIVE;
				GCC_WARN_UNUSED_FUNCTION = YES;
				GCC_WARN_UNUSED_VARIABLE = YES;
				MACOSX_DEPLOYMENT_TARGET = 10.10;
				MTL_ENABLE_DEBUG_INFO = NO;
				SDKROOT = macosx;
			};
			name = Release;
		};
		C2E99E381A5951ED00C4C0B0 /* Debug */ = {
			isa = XCBuildConfiguration;
			buildSettings = {
				PRODUCT_NAME = "$(TARGET_NAME)";
			};
			name = Debug;
		};
		C2E99E391A5951ED00C4C0B0 /* Release */ = {
			isa = XCBuildConfiguration;
			buildSettings = {
				PRODUCT_NAME = "$(TARGET_NAME)";
			};
			name = Release;
		};
/* End XCBuildConfiguration section */

/* Begin XCConfigurationList section */
		C2E99E2B1A5951ED00C4C0B0 /* Build configuration list for PBXProject "mail_protocol" */ = {
			isa = XCConfigurationList;
			buildConfigurations = (
				C2E99E351A5951ED00C4C0B0 /* Debug */,
				C2E99E361A5951ED00C4C0B0 /* Release */,
			);
			defaultConfigurationIsVisible = 0;
			defaultConfigurationName = Release;
		};
		C2E99E371A5951ED00C4C0B0 /* Build configuration list for PBXNativeTarget "mail_protocol" */ = {
			isa = XCConfigurationList;
			buildConfigurations = (
				C2E99E381A5951ED00C4C0B0 /* Debug */,
				C2E99E391A5951ED00C4C0B0 /* Release */,
			);
			defaultConfigurationIsVisible = 0;
		};
/* End XCConfigurationList section */
	};
	rootObject = C2E99E281A5951ED00C4C0B0 /* Project object */;
}
